
Microsoft Visual Studio Solution File, Format Version 12.00
# Visual Studio 2015
Project("{FAE04EC0-301F-11D3-BF4B-00C04F79EFBC}") = "SoftwareDevProject3308", "SoftwareDevProject3308.csproj", "{924A439F-8DFE-FE87-D3A6-537B0AFB7D09}"
EndProject
Global
	GlobalSection(SolutionConfigurationPlatforms) = preSolution
		Debug|Any CPU = Debug|Any CPU
		Release|Any CPU = Release|Any CPU
	EndGlobalSection
	GlobalSection(ProjectConfigurationPlatforms) = postSolution
		{924A439F-8DFE-FE87-D3A6-537B0AFB7D09}.Debug|Any CPU.ActiveCfg = Debug|Any CPU
		{924A439F-8DFE-FE87-D3A6-537B0AFB7D09}.Debug|Any CPU.Build.0 = Debug|Any CPU
		{924A439F-8DFE-FE87-D3A6-537B0AFB7D09}.Release|Any CPU.ActiveCfg = Release|Any CPU
		{924A439F-8DFE-FE87-D3A6-537B0AFB7D09}.Release|Any CPU.Build.0 = Release|Any CPU
	EndGlobalSection
	GlobalSection(SolutionProperties) = preSolution
		HideSolutionNode = FALSE
	EndGlobalSection
EndGlobal
